
Microsoft Visual Studio Solution File, Format Version 12.00
# Visual Studio 15
VisualStudioVersion = 15.0.27004.2002
MinimumVisualStudioVersion = 10.0.40219.1
Project("{FAE04EC0-301F-11D3-BF4B-00C04F79EFBC}") = "Proceduralis", "Proceduralis\Proceduralis.csproj", "{F00009C8-23CA-4382-BE52-ABB8ACD0D9A8}"
EndProject
Project("{2150E333-8FDC-42A3-9474-1A3956D46DE8}") = "Solution Items", "Solution Items", "{1A684535-A541-4FDC-AD02-05B6DCCCD4BE}"
EndProject
Global
	GlobalSection(SolutionConfigurationPlatforms) = preSolution
		Debug|Any CPU = Debug|Any CPU
		Release|Any CPU = Release|Any CPU
	EndGlobalSection
	GlobalSection(ProjectConfigurationPlatforms) = postSolution
		{F00009C8-23CA-4382-BE52-ABB8ACD0D9A8}.Debug|Any CPU.ActiveCfg = Debug|Any CPU
		{F00009C8-23CA-4382-BE52-ABB8ACD0D9A8}.Debug|Any CPU.Build.0 = Debug|Any CPU
		{F00009C8-23CA-4382-BE52-ABB8ACD0D9A8}.Release|Any CPU.ActiveCfg = Release|Any CPU
		{F00009C8-23CA-4382-BE52-ABB8ACD0D9A8}.Release|Any CPU.Build.0 = Release|Any CPU
	EndGlobalSection
	GlobalSection(SolutionProperties) = preSolution
		HideSolutionNode = FALSE
	EndGlobalSection
	GlobalSection(ExtensibilityGlobals) = postSolution
		SolutionGuid = {42A1E6C7-A287-4146-A366-E9F419DEE1C1}
	EndGlobalSection
EndGlobal
